
Microsoft Visual Studio Solution File, Format Version 12.00
# Visual Studio Version 17
VisualStudioVersion = 17.7.34031.279
MinimumVisualStudioVersion = 10.0.40219.1
Project("{FAE04EC0-301F-11D3-BF4B-00C04F79EFBC}") = "Assign04_W24", "Assign04_W24\Assign04_W24.csproj", "{962352A7-721F-4367-8735-8F3BBF30958F}"
EndProject
Global
	GlobalSection(SolutionConfigurationPlatforms) = preSolution
		Debug|Any CPU = Debug|Any CPU
		Release|Any CPU = Release|Any CPU
	EndGlobalSection
	GlobalSection(ProjectConfigurationPlatforms) = postSolution
		{962352A7-721F-4367-8735-8F3BBF30958F}.Debug|Any CPU.ActiveCfg = Debug|Any CPU
		{962352A7-721F-4367-8735-8F3BBF30958F}.Debug|Any CPU.Build.0 = Debug|Any CPU
		{962352A7-721F-4367-8735-8F3BBF30958F}.Release|Any CPU.ActiveCfg = Release|Any CPU
		{962352A7-721F-4367-8735-8F3BBF30958F}.Release|Any CPU.Build.0 = Release|Any CPU
	EndGlobalSection
	GlobalSection(SolutionProperties) = preSolution
		HideSolutionNode = FALSE
	EndGlobalSection
	GlobalSection(ExtensibilityGlobals) = postSolution
		SolutionGuid = {C494C0CD-55CE-4C87-8626-D25E7AC35091}
	EndGlobalSection
EndGlobal
